{
  "name": "software-localisation-trial",
  "version": "0.0.0",
  "lockfileVersion": 3,
  "requires": true,
  "packages": {
    "": {
      "name": "software-localisation-trial",
      "version": "0.0.0",
      "license": "ISC",
      "dependencies": {
        "@fluent/bundle": "^0.17.1",
        "@fluent/langneg": "^0.6.2",
        "@fluent/sequence": "^0.7.0",
        "grapheme-splitter": "^1.0.4"
      }
    },
    "node_modules/@fluent/bundle": {
      "version": "0.17.1",
      "resolved": "https://registry.npmjs.org/@fluent/bundle/-/bundle-0.17.1.tgz",
      "integrity": "sha512-CRFNT9QcSFAeFDneTF59eyv3JXFGhIIN4boUO2y22YmsuuKLyDk+N1I/NQUYz9Ab63e6V7T6vItoZIG/2oOOuw==",
      "engines": {
        "node": ">=12.0.0",
        "npm": ">=7.0.0"
      }
    },
    "node_modules/@fluent/langneg": {
      "version": "0.6.2",
      "resolved": "https://registry.npmjs.org/@fluent/langneg/-/langneg-0.6.2.tgz",
      "integrity": "sha512-YF4gZ4sLYRQfctpUR2uhb5UyPUYY5n/bi3OaED/Q4awKjPjlaF8tInO3uja7pnLQcmLTURkZL7L9zxv2Z5NDwg==",
      "engines": {
        "node": ">=12.0.0",
        "npm": ">=7.0.0"
      }
    },
    "node_modules/@fluent/sequence": {
      "version": "0.7.0",
      "resolved": "https://registry.npmjs.org/@fluent/sequence/-/sequence-0.7.0.tgz",
      "integrity": "sha512-aH1xMwX8DFvKOQSKUKpB3zMsnJ2rRKt7MajLNnx/r3V3DWDo2nzEfm21d7UyOgwEckPIjPmhxdW1MEmsGUxYIw==",
      "engines": {
        "node": ">=12.0.0",
        "npm": ">=7.0.0"
      },
      "peerDependencies": {
        "@fluent/bundle": ">= 0.13.0"
      }
    },
    "node_modules/grapheme-splitter": {
      "version": "1.0.4",
      "resolved": "https://registry.npmjs.org/grapheme-splitter/-/grapheme-splitter-1.0.4.tgz",
      "integrity": "sha512-bzh50DW9kTPM00T8y4o8vQg89Di9oLJVLW/KaOGIXJWP/iqCN6WKYkbNOF04vFLJhwcpYUh9ydh/+5vpOqV4YQ=="
    }
  }
}
